
Microsoft Visual Studio Solution File, Format Version 12.00
# Visual Studio Version 17
VisualStudioVersion = 17.12.35527.113 d17.12
MinimumVisualStudioVersion = 10.0.40219.1
Project("{FAE04EC0-301F-11D3-BF4B-00C04F79EFBC}") = "GOVE.Admin.Services", "GOVE.Admin.Services\GOVE.Admin.Services.csproj", "{DA920C75-E8BA-4BDE-9112-12C2FAABDDBA}"
EndProject
Project("{FAE04EC0-301F-11D3-BF4B-00C04F79EFBC}") = "GOVE.Infrastructure", "..\gove-infrastructure\GOVE.Infrastructure\GOVE.Infrastructure\GOVE.Infrastructure.csproj", "{08FD91BC-F306-4124-8F76-0FB7F67DE13A}"
EndProject
Project("{FAE04EC0-301F-11D3-BF4B-00C04F79EFBC}") = "GOVE.Models", "..\gove-models\GOVE.Models\GOVE.Models\GOVE.Models.csproj", "{CCD19D28-03EA-4206-9039-45D206EA21B9}"
EndProject
Project("{FAE04EC0-301F-11D3-BF4B-00C04F79EFBC}") = "GOVE.Repository", "..\gove-repository\GOVE.Repository\GOVE.Repository\GOVE.Repository.csproj", "{8755D24B-A2F1-47D9-A164-9EF2ECE3FC43}"
EndProject
Global
	GlobalSection(SolutionConfigurationPlatforms) = preSolution
		Debug|Any CPU = Debug|Any CPU
		Release|Any CPU = Release|Any CPU
	EndGlobalSection
	GlobalSection(ProjectConfigurationPlatforms) = postSolution
		{DA920C75-E8BA-4BDE-9112-12C2FAABDDBA}.Debug|Any CPU.ActiveCfg = Debug|Any CPU
		{DA920C75-E8BA-4BDE-9112-12C2FAABDDBA}.Debug|Any CPU.Build.0 = Debug|Any CPU
		{DA920C75-E8BA-4BDE-9112-12C2FAABDDBA}.Release|Any CPU.ActiveCfg = Release|Any CPU
		{DA920C75-E8BA-4BDE-9112-12C2FAABDDBA}.Release|Any CPU.Build.0 = Release|Any CPU
		{08FD91BC-F306-4124-8F76-0FB7F67DE13A}.Debug|Any CPU.ActiveCfg = Debug|Any CPU
		{08FD91BC-F306-4124-8F76-0FB7F67DE13A}.Debug|Any CPU.Build.0 = Debug|Any CPU
		{08FD91BC-F306-4124-8F76-0FB7F67DE13A}.Release|Any CPU.ActiveCfg = Release|Any CPU
		{08FD91BC-F306-4124-8F76-0FB7F67DE13A}.Release|Any CPU.Build.0 = Release|Any CPU
		{CCD19D28-03EA-4206-9039-45D206EA21B9}.Debug|Any CPU.ActiveCfg = Debug|Any CPU
		{CCD19D28-03EA-4206-9039-45D206EA21B9}.Debug|Any CPU.Build.0 = Debug|Any CPU
		{CCD19D28-03EA-4206-9039-45D206EA21B9}.Release|Any CPU.ActiveCfg = Release|Any CPU
		{CCD19D28-03EA-4206-9039-45D206EA21B9}.Release|Any CPU.Build.0 = Release|Any CPU
		{8755D24B-A2F1-47D9-A164-9EF2ECE3FC43}.Debug|Any CPU.ActiveCfg = Debug|Any CPU
		{8755D24B-A2F1-47D9-A164-9EF2ECE3FC43}.Debug|Any CPU.Build.0 = Debug|Any CPU
		{8755D24B-A2F1-47D9-A164-9EF2ECE3FC43}.Release|Any CPU.ActiveCfg = Release|Any CPU
		{8755D24B-A2F1-47D9-A164-9EF2ECE3FC43}.Release|Any CPU.Build.0 = Release|Any CPU
	EndGlobalSection
	GlobalSection(SolutionProperties) = preSolution
		HideSolutionNode = FALSE
	EndGlobalSection
EndGlobal
